
Microsoft Visual Studio Solution File, Format Version 12.00
# Visual Studio Version 16
VisualStudioVersion = 16.0.31112.23
MinimumVisualStudioVersion = 10.0.40219.1
Project("{FAE04EC0-301F-11D3-BF4B-00C04F79EFBC}") = "Laboratorio1", "Laboratorio1\Laboratorio1.csproj", "{721175E1-DBE6-42B9-983C-64EB899172A8}"
EndProject
Global
	GlobalSection(SolutionConfigurationPlatforms) = preSolution
		Debug|Any CPU = Debug|Any CPU
		Release|Any CPU = Release|Any CPU
	EndGlobalSection
	GlobalSection(ProjectConfigurationPlatforms) = postSolution
		{721175E1-DBE6-42B9-983C-64EB899172A8}.Debug|Any CPU.ActiveCfg = Debug|Any CPU
		{721175E1-DBE6-42B9-983C-64EB899172A8}.Debug|Any CPU.Build.0 = Debug|Any CPU
		{721175E1-DBE6-42B9-983C-64EB899172A8}.Release|Any CPU.ActiveCfg = Release|Any CPU
		{721175E1-DBE6-42B9-983C-64EB899172A8}.Release|Any CPU.Build.0 = Release|Any CPU
	EndGlobalSection
	GlobalSection(SolutionProperties) = preSolution
		HideSolutionNode = FALSE
	EndGlobalSection
	GlobalSection(ExtensibilityGlobals) = postSolution
		SolutionGuid = {D7C11F60-25AF-47E0-89E7-9BC04F225809}
	EndGlobalSection
EndGlobal
